
Microsoft Visual Studio Solution File, Format Version 12.00
# Visual Studio Version 16
VisualStudioVersion = 16.0.32802.440
MinimumVisualStudioVersion = 10.0.40219.1
Project("{FAE04EC0-301F-11D3-BF4B-00C04F79EFBC}") = "CleanArchMVC.Domain", "CleanArchMVC.Domain\CleanArchMVC.Domain.csproj", "{DF727DD1-00B2-4FFC-A9C0-A9D4291C2508}"
EndProject
Project("{FAE04EC0-301F-11D3-BF4B-00C04F79EFBC}") = "CleanArchMVC.Application", "CleanArchMVC.Application\CleanArchMVC.Application.csproj", "{1A73F9A2-9A41-4C8F-8289-E3DD2B8AD289}"
EndProject
Project("{FAE04EC0-301F-11D3-BF4B-00C04F79EFBC}") = "CleanArchMVC.Infra.Data", "CleanArchMVC.Infra.Data\CleanArchMVC.Infra.Data.csproj", "{067A8566-1125-4008-BEA5-09A7F90B78BD}"
EndProject
Project("{FAE04EC0-301F-11D3-BF4B-00C04F79EFBC}") = "CleanArchMVC.IoC", "CleanArchMVC.IoC\CleanArchMVC.IoC.csproj", "{655B4D62-5A51-440F-903C-F66B09E065EE}"
EndProject
Project("{FAE04EC0-301F-11D3-BF4B-00C04F79EFBC}") = "CleanArchMVC.WebUI", "CleanArchMVC.WebUI\CleanArchMVC.WebUI.csproj", "{4DF530E1-296A-4C72-9D42-AC1DD2B97D9F}"
EndProject
Global
	GlobalSection(SolutionConfigurationPlatforms) = preSolution
		Debug|Any CPU = Debug|Any CPU
		Release|Any CPU = Release|Any CPU
	EndGlobalSection
	GlobalSection(ProjectConfigurationPlatforms) = postSolution
		{DF727DD1-00B2-4FFC-A9C0-A9D4291C2508}.Debug|Any CPU.ActiveCfg = Debug|Any CPU
		{DF727DD1-00B2-4FFC-A9C0-A9D4291C2508}.Debug|Any CPU.Build.0 = Debug|Any CPU
		{DF727DD1-00B2-4FFC-A9C0-A9D4291C2508}.Release|Any CPU.ActiveCfg = Release|Any CPU
		{DF727DD1-00B2-4FFC-A9C0-A9D4291C2508}.Release|Any CPU.Build.0 = Release|Any CPU
		{1A73F9A2-9A41-4C8F-8289-E3DD2B8AD289}.Debug|Any CPU.ActiveCfg = Debug|Any CPU
		{1A73F9A2-9A41-4C8F-8289-E3DD2B8AD289}.Debug|Any CPU.Build.0 = Debug|Any CPU
		{1A73F9A2-9A41-4C8F-8289-E3DD2B8AD289}.Release|Any CPU.ActiveCfg = Release|Any CPU
		{1A73F9A2-9A41-4C8F-8289-E3DD2B8AD289}.Release|Any CPU.Build.0 = Release|Any CPU
		{067A8566-1125-4008-BEA5-09A7F90B78BD}.Debug|Any CPU.ActiveCfg = Debug|Any CPU
		{067A8566-1125-4008-BEA5-09A7F90B78BD}.Debug|Any CPU.Build.0 = Debug|Any CPU
		{067A8566-1125-4008-BEA5-09A7F90B78BD}.Release|Any CPU.ActiveCfg = Release|Any CPU
		{067A8566-1125-4008-BEA5-09A7F90B78BD}.Release|Any CPU.Build.0 = Release|Any CPU
		{655B4D62-5A51-440F-903C-F66B09E065EE}.Debug|Any CPU.ActiveCfg = Debug|Any CPU
		{655B4D62-5A51-440F-903C-F66B09E065EE}.Debug|Any CPU.Build.0 = Debug|Any CPU
		{655B4D62-5A51-440F-903C-F66B09E065EE}.Release|Any CPU.ActiveCfg = Release|Any CPU
		{655B4D62-5A51-440F-903C-F66B09E065EE}.Release|Any CPU.Build.0 = Release|Any CPU
		{4DF530E1-296A-4C72-9D42-AC1DD2B97D9F}.Debug|Any CPU.ActiveCfg = Debug|Any CPU
		{4DF530E1-296A-4C72-9D42-AC1DD2B97D9F}.Debug|Any CPU.Build.0 = Debug|Any CPU
		{4DF530E1-296A-4C72-9D42-AC1DD2B97D9F}.Release|Any CPU.ActiveCfg = Release|Any CPU
		{4DF530E1-296A-4C72-9D42-AC1DD2B97D9F}.Release|Any CPU.Build.0 = Release|Any CPU
	EndGlobalSection
	GlobalSection(SolutionProperties) = preSolution
		HideSolutionNode = FALSE
	EndGlobalSection
	GlobalSection(ExtensibilityGlobals) = postSolution
		SolutionGuid = {208F737E-68DE-40C6-9BFC-4BEB01C5F799}
	EndGlobalSection
EndGlobal
